{
    "hash": "125f5025d316a55c392e3e0c8d42eb73",
    "packages": [
        {
            "name": "pronamic/twinfield",
            "version": "dev-master",
            "source": {
                "type": "git",
                "url": "https://github.com/pronamic/twinfield.git",
                "reference": "e6651a2b7b7a07778aaab839ec7dc9137b6cd7d8"
            },
            "dist": {
                "type": "zip",
                "url": "https://api.github.com/repos/pronamic/twinfield/zipball/e6651a2b7b7a07778aaab839ec7dc9137b6cd7d8",
                "reference": "e6651a2b7b7a07778aaab839ec7dc9137b6cd7d8",
                "shasum": ""
            },
            "require": {
                "php": ">=5.4"
            },
            "type": "library",
            "autoload": {
                "psr-0": {
                    "Pronamic": "src/"
                }
            },
            "notification-url": "https://packagist.org/downloads/",
            "license": [
                "GPL"
            ],
            "authors": [
                {
                    "name": "Remco Tolsma",
                    "email": "emcotolsma@pronamic.nl"
                },
                {
                    "name": "Leon Rowland",
                    "email": "leon@pronamic.nl"
                }
            ],
            "description": "Library for using the Twinfield Soap Service",
            "homepage": "http://pronamic.nl",
            "keywords": [
                "twinfield"
            ],
            "time": "2013-04-03 12:31:38"
        }
    ],
    "packages-dev": [

    ],
    "aliases": [

    ],
    "minimum-stability": "stable",
    "stability-flags": {
        "pronamic/twinfield": 20
    },
    "platform": [

    ],
    "platform-dev": [

    ]
}
